
Microsoft Visual Studio Solution File, Format Version 12.00
# Visual Studio Version 17
VisualStudioVersion = 17.11.35431.28
MinimumVisualStudioVersion = 10.0.40219.1
Project("{FAE04EC0-301F-11D3-BF4B-00C04F79EFBC}") = "AdventDay3", "AdventDay3\AdventDay3.csproj", "{6CA5E394-3F01-48EC-AD6A-0168C1C4C327}"
EndProject
Project("{FAE04EC0-301F-11D3-BF4B-00C04F79EFBC}") = "AdventDay1", "AdventDay1\AdventDay1.csproj", "{56966F00-00D8-4C8C-8546-D0508B2BCD5C}"
EndProject
Project("{FAE04EC0-301F-11D3-BF4B-00C04F79EFBC}") = "AdventDay2", "AdventDay2\AdventDay2.csproj", "{F58504A5-4F29-4686-B285-ED88906EDB1A}"
EndProject
Project("{FAE04EC0-301F-11D3-BF4B-00C04F79EFBC}") = "AdventDay4", "AdventDay4\AdventDay4.csproj", "{B4FEA508-ADCD-40CF-B4F2-716AA6711D76}"
EndProject
Global
	GlobalSection(SolutionConfigurationPlatforms) = preSolution
		Debug|Any CPU = Debug|Any CPU
		Release|Any CPU = Release|Any CPU
	EndGlobalSection
	GlobalSection(ProjectConfigurationPlatforms) = postSolution
		{6CA5E394-3F01-48EC-AD6A-0168C1C4C327}.Debug|Any CPU.ActiveCfg = Debug|Any CPU
		{6CA5E394-3F01-48EC-AD6A-0168C1C4C327}.Debug|Any CPU.Build.0 = Debug|Any CPU
		{6CA5E394-3F01-48EC-AD6A-0168C1C4C327}.Release|Any CPU.ActiveCfg = Release|Any CPU
		{6CA5E394-3F01-48EC-AD6A-0168C1C4C327}.Release|Any CPU.Build.0 = Release|Any CPU
		{56966F00-00D8-4C8C-8546-D0508B2BCD5C}.Debug|Any CPU.ActiveCfg = Debug|Any CPU
		{56966F00-00D8-4C8C-8546-D0508B2BCD5C}.Debug|Any CPU.Build.0 = Debug|Any CPU
		{56966F00-00D8-4C8C-8546-D0508B2BCD5C}.Release|Any CPU.ActiveCfg = Release|Any CPU
		{56966F00-00D8-4C8C-8546-D0508B2BCD5C}.Release|Any CPU.Build.0 = Release|Any CPU
		{F58504A5-4F29-4686-B285-ED88906EDB1A}.Debug|Any CPU.ActiveCfg = Debug|Any CPU
		{F58504A5-4F29-4686-B285-ED88906EDB1A}.Debug|Any CPU.Build.0 = Debug|Any CPU
		{F58504A5-4F29-4686-B285-ED88906EDB1A}.Release|Any CPU.ActiveCfg = Release|Any CPU
		{F58504A5-4F29-4686-B285-ED88906EDB1A}.Release|Any CPU.Build.0 = Release|Any CPU
		{B4FEA508-ADCD-40CF-B4F2-716AA6711D76}.Debug|Any CPU.ActiveCfg = Debug|Any CPU
		{B4FEA508-ADCD-40CF-B4F2-716AA6711D76}.Debug|Any CPU.Build.0 = Debug|Any CPU
		{B4FEA508-ADCD-40CF-B4F2-716AA6711D76}.Release|Any CPU.ActiveCfg = Release|Any CPU
		{B4FEA508-ADCD-40CF-B4F2-716AA6711D76}.Release|Any CPU.Build.0 = Release|Any CPU
	EndGlobalSection
	GlobalSection(SolutionProperties) = preSolution
		HideSolutionNode = FALSE
	EndGlobalSection
	GlobalSection(ExtensibilityGlobals) = postSolution
		SolutionGuid = {1D213B42-E78B-494A-8166-7A02135A3AFB}
	EndGlobalSection
	GlobalSection(NestedProjects) = preSolution
	EndGlobalSection
EndGlobal
